lockfileVersion: '9.0'

settings:
  autoInstallPeers: true
  excludeLinksFromLockfile: false

importers:

  .:
    dependencies:
      iconify-icon:
        specifier: ^2.1.0
        version: 2.1.0

packages:

  '@iconify/types@2.0.0':
    resolution: {integrity: sha512-+wluvCrRhXrhyOmRDJ3q8mux9JkKy5SJ/v8ol2tu4FVjyYvtEzkc/3pK15ET6RKg4b4w4BmTk1+gsCUhf21Ykg==}

  iconify-icon@2.1.0:
    resolution: {integrity: sha512-lto4XU3bwTQnb+D/CsJ4dWAo0aDe+uPMxEtxyOodw9l7R9QnJUUab3GCehlw2M8mDHdeUu/ufx8PvRQiJphhXg==}

snapshots:

  '@iconify/types@2.0.0': {}

  iconify-icon@2.1.0:
    dependencies:
      '@iconify/types': 2.0.0
