version = 1
requires-python = ">=3.12"
resolution-markers = [
    "python_full_version < '3.13'",
    "python_full_version >= '3.13'",
]

[[package]]
name = "annotated-types"
version = "0.7.0"
source = { registry = "https://pypi.org/simple" }
sdist = { url = "https://files.pythonhosted.org/packages/ee/67/531ea369ba64dcff5ec9c3402f9f51bf748cec26dde048a2f973a4eea7f5/annotated_types-0.7.0.tar.gz", hash = "sha256:aff07c09a53a08bc8cfccb9c85b05f1aa9a2a6f23728d790723543408344ce89", size = 16081 }
wheels = [
    { url = "https://files.pythonhosted.org/packages/78/b6/6307fbef88d9b5ee7421e68d78a9f162e0da4900bc5f5793f6d3d0e34fb8/annotated_types-0.7.0-py3-none-any.whl", hash = "sha256:1f02e8b43a8fbbc3f3e0d4f0f4bfc8131bcb4eebe8849b8e5c773f3a1c582a53", size = 13643 },
]

[[package]]
name = "anyio"
version = "4.4.0"
source = { registry = "https://pypi.org/simple" }
dependencies = [
    { name = "idna" },
    { name = "sniffio" },
]
sdist = { url = "https://files.pythonhosted.org/packages/e6/e3/c4c8d473d6780ef1853d630d581f70d655b4f8d7553c6997958c283039a2/anyio-4.4.0.tar.gz", hash = "sha256:5aadc6a1bbb7cdb0bede386cac5e2940f5e2ff3aa20277e991cf028e0585ce94", size = 163930 }
wheels = [
    { url = "https://files.pythonhosted.org/packages/7b/a2/10639a79341f6c019dedc95bd48a4928eed9f1d1197f4c04f546fc7ae0ff/anyio-4.4.0-py3-none-any.whl", hash = "sha256:c1b2d8f46a8a812513012e1107cb0e68c17159a7a594208005a57dc776e1bdc7", size = 86780 },
]

[[package]]
name = "fastapi"
version = "0.114.0"
source = { registry = "https://pypi.org/simple" }
dependencies = [
    { name = "pydantic" },
    { name = "starlette" },
    { name = "typing-extensions" },
]
sdist = { url = "https://files.pythonhosted.org/packages/20/1b/fb621a3bab915ac1c9ad06943eb5a2b2aa01cd63228d524bd45261278787/fastapi-0.114.0.tar.gz", hash = "sha256:9908f2a5cc733004de6ca5e1412698f35085cefcbfd41d539245b9edf87b73c1", size = 295297 }
wheels = [
    { url = "https://files.pythonhosted.org/packages/d0/80/17037f322c280efbc623e341358d38d0299c6ee899d619a879b3593aa6da/fastapi-0.114.0-py3-none-any.whl", hash = "sha256:fee75aa1b1d3d73f79851c432497e4394e413e1dece6234f68d3ce250d12760a", size = 94013 },
]

[[package]]
name = "greenlet"
version = "3.0.3"
source = { registry = "https://pypi.org/simple" }
sdist = { url = "https://files.pythonhosted.org/packages/17/14/3bddb1298b9a6786539ac609ba4b7c9c0842e12aa73aaa4d8d73ec8f8185/greenlet-3.0.3.tar.gz", hash = "sha256:43374442353259554ce33599da8b692d5aa96f8976d567d4badf263371fbe491", size = 182013 }
wheels = [
    { url = "https://files.pythonhosted.org/packages/a2/2f/461615adc53ba81e99471303b15ac6b2a6daa8d2a0f7f77fd15605e16d5b/greenlet-3.0.3-cp312-cp312-macosx_11_0_universal2.whl", hash = "sha256:70fb482fdf2c707765ab5f0b6655e9cfcf3780d8d87355a063547b41177599be", size = 273085 },
    { url = "https://files.pythonhosted.org/packages/e9/55/2c3cfa3cdbb940cf7321fbcf544f0e9c74898eed43bf678abf416812d132/greenlet-3.0.3-cp312-cp312-manylinux_2_17_aarch64.manylinux2014_aarch64.whl", hash = "sha256:d4d1ac74f5c0c0524e4a24335350edad7e5f03b9532da7ea4d3c54d527784f2e", size = 660514 },
    { url = "https://files.pythonhosted.org/packages/38/77/efb21ab402651896c74f24a172eb4d7479f9f53898bd5e56b9e20bb24ffd/greenlet-3.0.3-cp312-cp312-manylinux_2_17_ppc64le.manylinux2014_ppc64le.whl", hash = "sha256:149e94a2dd82d19838fe4b2259f1b6b9957d5ba1b25640d2380bea9c5df37676", size = 674295 },
    { url = "https://files.pythonhosted.org/packages/74/3a/92f188ace0190f0066dca3636cf1b09481d0854c46e92ec5e29c7cefe5b1/greenlet-3.0.3-cp312-cp312-manylinux_2_17_s390x.manylinux2014_s390x.whl", hash = "sha256:15d79dd26056573940fcb8c7413d84118086f2ec1a8acdfa854631084393efcc", size = 669395 },
    { url = "https://files.pythonhosted.org/packages/63/0f/847ed02cdfce10f0e6e3425cd054296bddb11a17ef1b34681fa01a055187/greenlet-3.0.3-cp312-cp312-manylinux_2_17_x86_64.manylinux2014_x86_64.whl", hash = "sha256:881b7db1ebff4ba09aaaeae6aa491daeb226c8150fc20e836ad00041bcb11230", size = 670455 },
    { url = "https://files.pythonhosted.org/packages/bd/37/56b0da468a85e7704f3b2bc045015301bdf4be2184a44868c71f6dca6fe2/greenlet-3.0.3-cp312-cp312-manylinux_2_24_x86_64.manylinux_2_28_x86_64.whl", hash = "sha256:fcd2469d6a2cf298f198f0487e0a5b1a47a42ca0fa4dfd1b6862c999f018ebbf", size = 625692 },
    { url = "https://files.pythonhosted.org/packages/7c/68/b5f4084c0a252d7e9c0d95fc1cfc845d08622037adb74e05be3a49831186/greenlet-3.0.3-cp312-cp312-musllinux_1_1_aarch64.whl", hash = "sha256:1f672519db1796ca0d8753f9e78ec02355e862d0998193038c7073045899f305", size = 1152597 },
    { url = "https://files.pythonhosted.org/packages/a4/fa/31e22345518adcd69d1d6ab5087a12c178aa7f3c51103f6d5d702199d243/greenlet-3.0.3-cp312-cp312-musllinux_1_1_x86_64.whl", hash = "sha256:2516a9957eed41dd8f1ec0c604f1cdc86758b587d964668b5b196a9db5bfcde6", size = 1181043 },
    { url = "https://files.pythonhosted.org/packages/53/80/3d94d5999b4179d91bcc93745d1b0815b073d61be79dd546b840d17adb18/greenlet-3.0.3-cp312-cp312-win_amd64.whl", hash = "sha256:bba5387a6975598857d86de9eac14210a49d554a77eb8261cc68b7d082f78ce2", size = 293635 },
]

[[package]]
name = "idna"
version = "3.8"
source = { registry = "https://pypi.org/simple" }
sdist = { url = "https://files.pythonhosted.org/packages/e8/ac/e349c5e6d4543326c6883ee9491e3921e0d07b55fdf3cce184b40d63e72a/idna-3.8.tar.gz", hash = "sha256:d838c2c0ed6fced7693d5e8ab8e734d5f8fda53a039c0164afb0b82e771e3603", size = 189467 }
wheels = [
    { url = "https://files.pythonhosted.org/packages/22/7e/d71db821f177828df9dea8c42ac46473366f191be53080e552e628aad991/idna-3.8-py3-none-any.whl", hash = "sha256:050b4e5baadcd44d760cedbd2b8e639f2ff89bbc7a5730fcc662954303377aac", size = 66894 },
]

[[package]]
name = "pydantic"
version = "2.9.0"
source = { registry = "https://pypi.org/simple" }
dependencies = [
    { name = "annotated-types" },
    { name = "pydantic-core" },
    { name = "typing-extensions" },
    { name = "tzdata" },
]
sdist = { url = "https://files.pythonhosted.org/packages/f6/8f/3b9f7a38caa3fa0bcb3cea7ee9958e89a9a6efc0e6f51fd6096f24cac140/pydantic-2.9.0.tar.gz", hash = "sha256:c7a8a9fdf7d100afa49647eae340e2d23efa382466a8d177efcd1381e9be5598", size = 768298 }
wheels = [
    { url = "https://files.pythonhosted.org/packages/54/38/95bdb5dfcebad2c11c88f7aa2d635fe53a0b7405ef39a6850c8bced455d4/pydantic-2.9.0-py3-none-any.whl", hash = "sha256:f66a7073abd93214a20c5f7b32d56843137a7a2e70d02111f3be287035c45370", size = 434325 },
]

[[package]]
name = "pydantic-core"
version = "2.23.2"
source = { registry = "https://pypi.org/simple" }
dependencies = [
    { name = "typing-extensions" },
]
sdist = { url = "https://files.pythonhosted.org/packages/5f/03/54e4961dfaed4804fea0ad73e94d337f4ef88a635e73990d6e150b469594/pydantic_core-2.23.2.tar.gz", hash = "sha256:95d6bf449a1ac81de562d65d180af5d8c19672793c81877a2eda8fde5d08f2fd", size = 401901 }
wheels = [
    { url = "https://files.pythonhosted.org/packages/8f/54/9c202171aca4a9f6596e1e2a6572ff7d707e2383a40605533c61487714a2/pydantic_core-2.23.2-cp312-cp312-macosx_10_12_x86_64.whl", hash = "sha256:4c83c64d05ffbbe12d4e8498ab72bdb05bcc1026340a4a597dc647a13c1605ec", size = 1845364 },
    { url = "https://files.pythonhosted.org/packages/9e/e3/5c29d8fa6dfabd7809fe623fd17959e1b672410681a8c3811eefa42b8051/pydantic_core-2.23.2-cp312-cp312-macosx_11_0_arm64.whl", hash = "sha256:6294907eaaccf71c076abdd1c7954e272efa39bb043161b4b8aa1cd76a16ce43", size = 1784382 },
    { url = "https://files.pythonhosted.org/packages/79/c3/4b003c9ed0f5f5e559823802ee7a3921de8aa50892bf179535d7695b2e76/pydantic_core-2.23.2-cp312-cp312-manylinux_2_17_aarch64.manylinux2014_aarch64.whl", hash = "sha256:4a801c5e1e13272e0909c520708122496647d1279d252c9e6e07dac216accc41", size = 1791189 },
    { url = "https://files.pythonhosted.org/packages/3f/3b/0c0377c5833093a1758e711387bbe5a5e30511fe9d4afe225be185527aa1/pydantic_core-2.23.2-cp312-cp312-manylinux_2_17_armv7l.manylinux2014_armv7l.whl", hash = "sha256:cc0c316fba3ce72ac3ab7902a888b9dc4979162d320823679da270c2d9ad0cad", size = 1780431 },
    { url = "https://files.pythonhosted.org/packages/4a/88/18a541e2f9cbcef4b44b90a2ba98d85e109d91bc7f3b2210d271f66e6d8f/pydantic_core-2.23.2-cp312-cp312-manylinux_2_17_ppc64le.manylinux2014_ppc64le.whl", hash = "sha256:6b06c5d4e8701ac2ba99a2ef835e4e1b187d41095a9c619c5b185c9068ed2a49", size = 1976902 },
    { url = "https://files.pythonhosted.org/packages/e3/bd/6c98ca605130ee51438d812133d04ddb403fb1a8a93490f9a1a7e269a4a7/pydantic_core-2.23.2-cp312-cp312-manylinux_2_17_s390x.manylinux2014_s390x.whl", hash = "sha256:82764c0bd697159fe9947ad59b6db6d7329e88505c8f98990eb07e84cc0a5d81", size = 2638882 },
    { url = "https://files.pythonhosted.org/packages/ad/fc/6b4f95c64bbeadaa6f84cffb51f469f6fdd61215d97b4ec8d89d027e574b/pydantic_core-2.23.2-cp312-cp312-manylinux_2_17_x86_64.manylinux2014_x86_64.whl", hash = "sha256:2b1a195efd347ede8bcf723e932300292eb13a9d2a3c1f84eb8f37cbbc905b7f", size = 2111180 },
    { url = "https://files.pythonhosted.org/packages/95/4c/d4a355237ffa3dae28c2224bea9e09d4af69f346bf7611ebb66d8e930574/pydantic_core-2.23.2-cp312-cp312-manylinux_2_5_i686.manylinux1_i686.whl", hash = "sha256:b7efb12e5071ad8d5b547487bdad489fbd4a5a35a0fc36a1941517a6ad7f23e0", size = 1904338 },
    { url = "https://files.pythonhosted.org/packages/83/d6/9f41db9ab2727a050fdac5e56a9e792260aa29e29affa98b4df8a06fd588/pydantic_core-2.23.2-cp312-cp312-musllinux_1_1_aarch64.whl", hash = "sha256:5dd0ec5f514ed40e49bf961d49cf1bc2c72e9b50f29a163b2cc9030c6742aa73", size = 1968729 },
    { url = "https://files.pythonhosted.org/packages/f8/bd/0e795ea5eaf26a96d9691faae43603e00de3dbec6339e3710652f5feae12/pydantic_core-2.23.2-cp312-cp312-musllinux_1_1_x86_64.whl", hash = "sha256:820f6ee5c06bc868335e3b6e42d7ef41f50dfb3ea32fbd523ab679d10d8741c0", size = 2120748 },
    { url = "https://files.pythonhosted.org/packages/be/7d/48ddf9f084b5de1d47c6bcccfeafe80900ceac975ebdf1fe374fd18654e5/pydantic_core-2.23.2-cp312-none-win32.whl", hash = "sha256:3713dc093d5048bfaedbba7a8dbc53e74c44a140d45ede020dc347dda18daf3f", size = 1725557 },
    { url = "https://files.pythonhosted.org/packages/e1/d7/ef3558714427b385f84e22a224c4641b4869f9031f733e83cea6f0eb0154/pydantic_core-2.23.2-cp312-none-win_amd64.whl", hash = "sha256:e1895e949f8849bc2757c0dbac28422a04be031204df46a56ab34bcf98507342", size = 1914466 },
    { url = "https://files.pythonhosted.org/packages/91/42/085e27e5c32220531bbd966c2888c74a595ac35cd7e52a71d3302d041b71/pydantic_core-2.23.2-cp313-cp313-macosx_10_12_x86_64.whl", hash = "sha256:da43cbe593e3c87d07108d0ebd73771dc414488f1f91ed2e204b0370b94b37ac", size = 1845030 },
    { url = "https://files.pythonhosted.org/packages/05/ac/3faf5fd29b221bb7c0aa4bc3fe1a763fb2d38b08d7b5961daeee96f13a8e/pydantic_core-2.23.2-cp313-cp313-macosx_11_0_arm64.whl", hash = "sha256:64d094ea1aa97c6ded4748d40886076a931a8bf6f61b6e43e4a1041769c39dd2", size = 1784493 },
    { url = "https://files.pythonhosted.org/packages/83/52/cc692fc65098904a6bdb13cc502b590d0597718069a8ffa8bfdea680657c/pydantic_core-2.23.2-cp313-cp313-manylinux_2_17_aarch64.manylinux2014_aarch64.whl", hash = "sha256:084414ffe9a85a52940b49631321d636dadf3576c30259607b75516d131fecd0", size = 1791193 },
    { url = "https://files.pythonhosted.org/packages/53/a9/d7be95020bf6a57ada1d5d18172369ad92e9779dccf9a497b22863d77dd8/pydantic_core-2.23.2-cp313-cp313-manylinux_2_17_armv7l.manylinux2014_armv7l.whl", hash = "sha256:043ef8469f72609c4c3a5e06a07a1f713d53df4d53112c6d49207c0bd3c3bd9b", size = 1780169 },
    { url = "https://files.pythonhosted.org/packages/10/42/16bee4df87a315a8ae3962e5c2251612bced849e624f850e811a2e6097da/pydantic_core-2.23.2-cp313-cp313-manylinux_2_17_ppc64le.manylinux2014_ppc64le.whl", hash = "sha256:3649bd3ae6a8ebea7dc381afb7f3c6db237fc7cebd05c8ac36ca8a4187b03b30", size = 1976946 },
    { url = "https://files.pythonhosted.org/packages/f8/04/8be7280cf309c256bd9fa124fbe15f730b9659ee87d89a40b7da14c6818f/pydantic_core-2.23.2-cp313-cp313-manylinux_2_17_s390x.manylinux2014_s390x.whl", hash = "sha256:6db09153d8438425e98cdc9a289c5fade04a5d2128faff8f227c459da21b9703", size = 2638776 },
    { url = "https://files.pythonhosted.org/packages/24/7b/e102b2073b08b36f78d7336859fe8d09e7483eded849cf12bd3db66f441d/pydantic_core-2.23.2-cp313-cp313-manylinux_2_17_x86_64.manylinux2014_x86_64.whl", hash = "sha256:5668b3173bb0b2e65020b60d83f5910a7224027232c9f5dc05a71a1deac9f960", size = 2110994 },
    { url = "https://files.pythonhosted.org/packages/90/29/ba00e3e262597203ae95c5eb81d02ce96afcda26b6960484b376a1e5ac59/pydantic_core-2.23.2-cp313-cp313-manylinux_2_5_i686.manylinux1_i686.whl", hash = "sha256:1c7b81beaf7c7ebde978377dc53679c6cba0e946426fc7ade54251dfe24a7604", size = 1904219 },
    { url = "https://files.pythonhosted.org/packages/4b/ef/3899865e9f2e30b79c1ed9498a71898f33b1ca2a08f3b1619eaee754aa85/pydantic_core-2.23.2-cp313-cp313-musllinux_1_1_aarch64.whl", hash = "sha256:ae579143826c6f05a361d9546446c432a165ecf1c0b720bbfd81152645cb897d", size = 1968804 },
    { url = "https://files.pythonhosted.org/packages/19/e9/69742d9c71d08251184584c2b99d436490c78f7487840e588394b1ce97a9/pydantic_core-2.23.2-cp313-cp313-musllinux_1_1_x86_64.whl", hash = "sha256:19f1352fe4b248cae22a89268720fc74e83f008057a652894f08fa931e77dced", size = 2120574 },
    { url = "https://files.pythonhosted.org/packages/5c/fc/7f89094bf3a645fb5b312b6ae907f3b04b6e0d1e37f6eb4c057276d80703/pydantic_core-2.23.2-cp313-none-win32.whl", hash = "sha256:e1a79ad49f346aa1a2921f31e8dbbab4d64484823e813a002679eaa46cba39e1", size = 1725472 },
    { url = "https://files.pythonhosted.org/packages/43/13/39f4b60884174a95c69e3dd196c77a1757c3857841f2567d240bcbd1cf0f/pydantic_core-2.23.2-cp313-none-win_amd64.whl", hash = "sha256:582871902e1902b3c8e9b2c347f32a792a07094110c1bca6c2ea89b90150caac", size = 1914614 },
]

[[package]]
name = "sniffio"
version = "1.3.1"
source = { registry = "https://pypi.org/simple" }
sdist = { url = "https://files.pythonhosted.org/packages/a2/87/a6771e1546d97e7e041b6ae58d80074f81b7d5121207425c964ddf5cfdbd/sniffio-1.3.1.tar.gz", hash = "sha256:f4324edc670a0f49750a81b895f35c3adb843cca46f0530f79fc1babb23789dc", size = 20372 }
wheels = [
    { url = "https://files.pythonhosted.org/packages/e9/44/75a9c9421471a6c4805dbf2356f7c181a29c1879239abab1ea2cc8f38b40/sniffio-1.3.1-py3-none-any.whl", hash = "sha256:2f6da418d1f1e0fddd844478f41680e794e6051915791a034ff65e5f100525a2", size = 10235 },
]

[[package]]
name = "sqlalchemy"
version = "2.0.34"
source = { registry = "https://pypi.org/simple" }
dependencies = [
    { name = "greenlet", marker = "(python_full_version < '3.13' and platform_machine == 'AMD64') or (python_full_version < '3.13' and platform_machine == 'WIN32') or (python_full_version < '3.13' and platform_machine == 'aarch64') or (python_full_version < '3.13' and platform_machine == 'amd64') or (python_full_version < '3.13' and platform_machine == 'ppc64le') or (python_full_version < '3.13' and platform_machine == 'win32') or (python_full_version < '3.13' and platform_machine == 'x86_64')" },
    { name = "typing-extensions" },
]
sdist = { url = "https://files.pythonhosted.org/packages/90/fa/ca0fdd7b6b0cf53a8237a8ee7e487f8be16e4a2ee6d840d6e8e105cd9c86/sqlalchemy-2.0.34.tar.gz", hash = "sha256:10d8f36990dd929690666679b0f42235c159a7051534adb135728ee52828dd22", size = 9556527 }
wheels = [
    { url = "https://files.pythonhosted.org/packages/f9/76/62eb5c62593d6d351f17202aa532f17b91c51b1b04e24a3a97530cb6118e/SQLAlchemy-2.0.34-cp312-cp312-macosx_10_9_x86_64.whl", hash = "sha256:53e68b091492c8ed2bd0141e00ad3089bcc6bf0e6ec4142ad6505b4afe64163e", size = 2089191 },
    { url = "https://files.pythonhosted.org/packages/8a/7c/d43a14aef45bcb196f017ba2783eb3e42dd4c65c43be8b9f29bb5ec7d131/SQLAlchemy-2.0.34-cp312-cp312-macosx_11_0_arm64.whl", hash = "sha256:bcd18441a49499bf5528deaa9dee1f5c01ca491fc2791b13604e8f972877f812", size = 2079662 },
    { url = "https://files.pythonhosted.org/packages/b7/25/ec59e5d3643d49d57ae59a62b6e5b3da39344617ce249f2561bfb4ac0458/SQLAlchemy-2.0.34-cp312-cp312-manylinux_2_17_aarch64.manylinux2014_aarch64.whl", hash = "sha256:165bbe0b376541092bf49542bd9827b048357f4623486096fc9aaa6d4e7c59a2", size = 3229161 },
    { url = "https://files.pythonhosted.org/packages/fd/2e/e6129761dd5588a5623c6051c31e45935b72a5b17ed87b209e39a0b2a25c/SQLAlchemy-2.0.34-cp312-cp312-manylinux_2_17_x86_64.manylinux2014_x86_64.whl", hash = "sha256:c3330415cd387d2b88600e8e26b510d0370db9b7eaf984354a43e19c40df2e2b", size = 3240054 },
    { url = "https://files.pythonhosted.org/packages/70/08/4f994445215d7932bf2a490570fef9a5d1ba42cdf1cc9c48a6f7f04d1cfc/SQLAlchemy-2.0.34-cp312-cp312-musllinux_1_2_aarch64.whl", hash = "sha256:97b850f73f8abbffb66ccbab6e55a195a0eb655e5dc74624d15cff4bfb35bd74", size = 3175538 },
    { url = "https://files.pythonhosted.org/packages/5e/19/4d4cc024cd7d50e25bf1c1ba61974b2b6e2fab8ea22f1569c47380b34e95/SQLAlchemy-2.0.34-cp312-cp312-musllinux_1_2_x86_64.whl", hash = "sha256:7cee4c6917857fd6121ed84f56d1dc78eb1d0e87f845ab5a568aba73e78adf83", size = 3202149 },
    { url = "https://files.pythonhosted.org/packages/87/02/7ada4b6bfd5421aa7d65bd0ee9d76acc15b53ae26378b2ab8bba1ba3f78f/SQLAlchemy-2.0.34-cp312-cp312-win32.whl", hash = "sha256:fbb034f565ecbe6c530dff948239377ba859420d146d5f62f0271407ffb8c580", size = 2059547 },
    { url = "https://files.pythonhosted.org/packages/ad/fc/d1315ddb8529c768789954350268cd53167747649ddb709517c5e0a15c7e/SQLAlchemy-2.0.34-cp312-cp312-win_amd64.whl", hash = "sha256:707c8f44931a4facd4149b52b75b80544a8d824162602b8cd2fe788207307f9a", size = 2085274 },
    { url = "https://files.pythonhosted.org/packages/09/14/5c9b872fba29ccedeb905d0a5c203ad86287b8bb1bb8eda96bfe8a05f65b/SQLAlchemy-2.0.34-py3-none-any.whl", hash = "sha256:7286c353ee6475613d8beff83167374006c6b3e3f0e6491bfe8ca610eb1dec0f", size = 1880671 },
]

[[package]]
name = "sqlmodel"
version = "0.0.22"
source = { registry = "https://pypi.org/simple" }
dependencies = [
    { name = "pydantic" },
    { name = "sqlalchemy" },
]
sdist = { url = "https://files.pythonhosted.org/packages/b5/39/8641040ab0d5e1d8a1c2325ae89a01ae659fc96c61a43d158fb71c9a0bf0/sqlmodel-0.0.22.tar.gz", hash = "sha256:7d37c882a30c43464d143e35e9ecaf945d88035e20117bf5ec2834a23cbe505e", size = 116392 }
wheels = [
    { url = "https://files.pythonhosted.org/packages/dd/b1/3af5104b716c420e40a6ea1b09886cae3a1b9f4538343875f637755cae5b/sqlmodel-0.0.22-py3-none-any.whl", hash = "sha256:a1ed13e28a1f4057cbf4ff6cdb4fc09e85702621d3259ba17b3c230bfb2f941b", size = 28276 },
]

[[package]]
name = "starlette"
version = "0.38.5"
source = { registry = "https://pypi.org/simple" }
dependencies = [
    { name = "anyio" },
]
sdist = { url = "https://files.pythonhosted.org/packages/13/aa/57975da16ca0c368bbb5687daa6ad79561c2328a44667a1d6802e94df3e5/starlette-0.38.5.tar.gz", hash = "sha256:04a92830a9b6eb1442c766199d62260c3d4dc9c4f9188360626b1e0273cb7077", size = 2569511 }
wheels = [
    { url = "https://files.pythonhosted.org/packages/90/1a/8853ba4cea1ec99535ac9be5795a50ca92cddd04d57bbaa56e866cb7548c/starlette-0.38.5-py3-none-any.whl", hash = "sha256:632f420a9d13e3ee2a6f18f437b0a9f1faecb0bc42e1942aa2ea0e379a4c4206", size = 71447 },
]

[[package]]
name = "tmvisdb-backend"
version = "0.1.0"
source = { editable = "." }
dependencies = [
    { name = "fastapi" },
    { name = "pydantic" },
    { name = "sqlmodel" },
]

[package.metadata]
requires-dist = [
    { name = "fastapi", specifier = ">=0.114.0" },
    { name = "pydantic", specifier = ">=2.9.0" },
    { name = "sqlmodel", specifier = ">=0.0.22" },
]

[[package]]
name = "typing-extensions"
version = "4.12.2"
source = { registry = "https://pypi.org/simple" }
sdist = { url = "https://files.pythonhosted.org/packages/df/db/f35a00659bc03fec321ba8bce9420de607a1d37f8342eee1863174c69557/typing_extensions-4.12.2.tar.gz", hash = "sha256:1a7ead55c7e559dd4dee8856e3a88b41225abfe1ce8df57b7c13915fe121ffb8", size = 85321 }
wheels = [
    { url = "https://files.pythonhosted.org/packages/26/9f/ad63fc0248c5379346306f8668cda6e2e2e9c95e01216d2b8ffd9ff037d0/typing_extensions-4.12.2-py3-none-any.whl", hash = "sha256:04e5ca0351e0f3f85c6853954072df659d0d13fac324d0072316b67d7794700d", size = 37438 },
]

[[package]]
name = "tzdata"
version = "2024.1"
source = { registry = "https://pypi.org/simple" }
sdist = { url = "https://files.pythonhosted.org/packages/74/5b/e025d02cb3b66b7b76093404392d4b44343c69101cc85f4d180dd5784717/tzdata-2024.1.tar.gz", hash = "sha256:2674120f8d891909751c38abcdfd386ac0a5a1127954fbc332af6b5ceae07efd", size = 190559 }
wheels = [
    { url = "https://files.pythonhosted.org/packages/65/58/f9c9e6be752e9fcb8b6a0ee9fb87e6e7a1f6bcab2cdc73f02bb7ba91ada0/tzdata-2024.1-py2.py3-none-any.whl", hash = "sha256:9068bc196136463f5245e51efda838afa15aaeca9903f49050dfa2679db4d252", size = 345370 },
]
